
Microsoft Visual Studio Solution File, Format Version 12.00
# Visual Studio Version 17
VisualStudioVersion = 17.2.32526.322
MinimumVisualStudioVersion = 10.0.40219.1
Project("{9A19103F-16F7-4668-BE54-9A1E7A4F7556}") = "CompVis-StableDiffusion-Api", "CompVis-StableDiffusion-Api\CompVis-StableDiffusion-Api.csproj", "{9AF7AA21-0758-4947-AA51-3E9FD1822035}"
EndProject
Project("{2150E333-8FDC-42A3-9474-1A3956D46DE8}") = "Solution Items", "Solution Items", "{96723F0A-6CE3-404A-A3A0-7EF211498E6D}"
	ProjectSection(SolutionItems) = preProject
		README.md = README.md
	EndProjectSection
EndProject
Global
	GlobalSection(SolutionConfigurationPlatforms) = preSolution
		Debug|Any CPU = Debug|Any CPU
		Release|Any CPU = Release|Any CPU
	EndGlobalSection
	GlobalSection(ProjectConfigurationPlatforms) = postSolution
		{9AF7AA21-0758-4947-AA51-3E9FD1822035}.Debug|Any CPU.ActiveCfg = Debug|Any CPU
		{9AF7AA21-0758-4947-AA51-3E9FD1822035}.Debug|Any CPU.Build.0 = Debug|Any CPU
		{9AF7AA21-0758-4947-AA51-3E9FD1822035}.Release|Any CPU.ActiveCfg = Release|Any CPU
		{9AF7AA21-0758-4947-AA51-3E9FD1822035}.Release|Any CPU.Build.0 = Release|Any CPU
	EndGlobalSection
	GlobalSection(SolutionProperties) = preSolution
		HideSolutionNode = FALSE
	EndGlobalSection
	GlobalSection(ExtensibilityGlobals) = postSolution
		SolutionGuid = {51F5E88F-0327-4424-BDE8-FE21A80E71D2}
	EndGlobalSection
EndGlobal
